// !$*UTF8*$!
{
	archiveVersion = 1;
	classes = {
	};
	objectVersion = 56;
	objects = {

/* Begin PBXBuildFile section */
		B1ABD53F2BD4AEC00068BB05 /* NetworkingTutorialApp.swift in Sources */ = {isa = PBXBuildFile; fileRef = B1ABD53E2BD4AEC00068BB05 /* NetworkingTutorialApp.swift */; };
		B1ABD5412BD4AEC00068BB05 /* ContentView.swift in Sources */ = {isa = PBXBuildFile; fileRef = B1ABD5402BD4AEC00068BB05 /* ContentView.swift */; };
		B1ABD5432BD4AEC30068BB05 /* Assets.xcassets in Resources */ = {isa = PBXBuildFile; fileRef = B1ABD5422BD4AEC30068BB05 /* Assets.xcassets */; };
		B1ABD5462BD4AEC30068BB05 /* Preview Assets.xcassets in Resources */ = {isa = PBXBuildFile; fileRef = B1ABD5452BD4AEC30068BB05 /* Preview Assets.xcassets */; };
		B1ABD5532BD4B3AB0068BB05 /* CoinsViewModel.swift in Sources */ = {isa = PBXBuildFile; fileRef = B1ABD5522BD4B3AB0068BB05 /* CoinsViewModel.swift */; };
		B1ABD5562BD61A260068BB05 /* CoinDataService.swift in Sources */ = {isa = PBXBuildFile; fileRef = B1ABD5552BD61A260068BB05 /* CoinDataService.swift */; };
		B1ABD5582BD6AA160068BB05 /* Coin.swift in Sources */ = {isa = PBXBuildFile; fileRef = B1ABD5572BD6AA160068BB05 /* Coin.swift */; };
		B1ABD55A2BD6D2240068BB05 /* CoinAPIError.swift in Sources */ = {isa = PBXBuildFile; fileRef = B1ABD5592BD6D2240068BB05 /* CoinAPIError.swift */; };
		B1ABD55E2BD6FF9A0068BB05 /* CoinDetailsView.swift in Sources */ = {isa = PBXBuildFile; fileRef = B1ABD55D2BD6FF9A0068BB05 /* CoinDetailsView.swift */; };
		B1ABD5612BD7025E0068BB05 /* CoinDetails.swift in Sources */ = {isa = PBXBuildFile; fileRef = B1ABD5602BD7025E0068BB05 /* CoinDetails.swift */; };
		B1ABD5642BD704C00068BB05 /* CoinDetailsViewModel.swift in Sources */ = {isa = PBXBuildFile; fileRef = B1ABD5632BD704C00068BB05 /* CoinDetailsViewModel.swift */; };
		B1ABD5672BD804090068BB05 /* HTTPDataDownloader.swift in Sources */ = {isa = PBXBuildFile; fileRef = B1ABD5662BD804090068BB05 /* HTTPDataDownloader.swift */; };
		B1ABD56B2BD844150068BB05 /* CoinDetailsCache.swift in Sources */ = {isa = PBXBuildFile; fileRef = B1ABD56A2BD844150068BB05 /* CoinDetailsCache.swift */; };
		B1ABD56D2BD9678A0068BB05 /* MockCoinService.swift in Sources */ = {isa = PBXBuildFile; fileRef = B1ABD56C2BD9678A0068BB05 /* MockCoinService.swift */; };
/* End PBXBuildFile section */

/* Begin PBXFileReference section */
		B1ABD53B2BD4AEC00068BB05 /* NetworkingTutorial.app */ = {isa = PBXFileReference; explicitFileType = wrapper.application; includeInIndex = 0; path = NetworkingTutorial.app; sourceTree = BUILT_PRODUCTS_DIR; };
		B1ABD53E2BD4AEC00068BB05 /* NetworkingTutorialApp.swift */ = {isa = PBXFileReference; lastKnownFileType = sourcecode.swift; path = NetworkingTutorialApp.swift; sourceTree = "<group>"; };
		B1ABD5402BD4AEC00068BB05 /* ContentView.swift */ = {isa = PBXFileReference; lastKnownFileType = sourcecode.swift; path = ContentView.swift; sourceTree = "<group>"; };
		B1ABD5422BD4AEC30068BB05 /* Assets.xcassets */ = {isa = PBXFileReference; lastKnownFileType = folder.assetcatalog; path = Assets.xcassets; sourceTree = "<group>"; };
		B1ABD5452BD4AEC30068BB05 /* Preview Assets.xcassets */ = {isa = PBXFileReference; lastKnownFileType = folder.assetcatalog; path = "Preview Assets.xcassets"; sourceTree = "<group>"; };
		B1ABD5522BD4B3AB0068BB05 /* CoinsViewModel.swift */ = {isa = PBXFileReference; lastKnownFileType = sourcecode.swift; path = CoinsViewModel.swift; sourceTree = "<group>"; };
		B1ABD5552BD61A260068BB05 /* CoinDataService.swift */ = {isa = PBXFileReference; lastKnownFileType = sourcecode.swift; path = CoinDataService.swift; sourceTree = "<group>"; };
		B1ABD5572BD6AA160068BB05 /* Coin.swift */ = {isa = PBXFileReference; lastKnownFileType = sourcecode.swift; path = Coin.swift; sourceTree = "<group>"; };
		B1ABD5592BD6D2240068BB05 /* CoinAPIError.swift */ = {isa = PBXFileReference; lastKnownFileType = sourcecode.swift; path = CoinAPIError.swift; sourceTree = "<group>"; };
		B1ABD55D2BD6FF9A0068BB05 /* CoinDetailsView.swift */ = {isa = PBXFileReference; lastKnownFileType = sourcecode.swift; path = CoinDetailsView.swift; sourceTree = "<group>"; };
		B1ABD5602BD7025E0068BB05 /* CoinDetails.swift */ = {isa = PBXFileReference; lastKnownFileType = sourcecode.swift; path = CoinDetails.swift; sourceTree = "<group>"; };
		B1ABD5632BD704C00068BB05 /* CoinDetailsViewModel.swift */ = {isa = PBXFileReference; lastKnownFileType = sourcecode.swift; path = CoinDetailsViewModel.swift; sourceTree = "<group>"; };
		B1ABD5662BD804090068BB05 /* HTTPDataDownloader.swift */ = {isa = PBXFileReference; lastKnownFileType = sourcecode.swift; path = HTTPDataDownloader.swift; sourceTree = "<group>"; };
		B1ABD56A2BD844150068BB05 /* CoinDetailsCache.swift */ = {isa = PBXFileReference; lastKnownFileType = sourcecode.swift; path = CoinDetailsCache.swift; sourceTree = "<group>"; };
		B1ABD56C2BD9678A0068BB05 /* MockCoinService.swift */ = {isa = PBXFileReference; lastKnownFileType = sourcecode.swift; path = MockCoinService.swift; sourceTree = "<group>"; };
/* End PBXFileReference section */

/* Begin PBXFrameworksBuildPhase section */
		B1ABD5382BD4AEC00068BB05 /* Frameworks */ = {
			isa = PBXFrameworksBuildPhase;
			buildActionMask = 2147483647;
			files = (
			);
			runOnlyForDeploymentPostprocessing = 0;
		};
/* End PBXFrameworksBuildPhase section */

/* Begin PBXGroup section */
		B1ABD5322BD4AEC00068BB05 = {
			isa = PBXGroup;
			children = (
				B1ABD53D2BD4AEC00068BB05 /* NetworkingTutorial */,
				B1ABD53C2BD4AEC00068BB05 /* Products */,
			);
			sourceTree = "<group>";
		};
		B1ABD53C2BD4AEC00068BB05 /* Products */ = {
			isa = PBXGroup;
			children = (
				B1ABD53B2BD4AEC00068BB05 /* NetworkingTutorial.app */,
			);
			name = Products;
			sourceTree = "<group>";
		};
		B1ABD53D2BD4AEC00068BB05 /* NetworkingTutorial */ = {
			isa = PBXGroup;
			children = (
				B1ABD54C2BD4AF2F0068BB05 /* App */,
				B1ABD54D2BD4AF3A0068BB05 /* Core */,
				B1ABD5652BD803F90068BB05 /* Shared */,
				B1ABD5422BD4AEC30068BB05 /* Assets.xcassets */,
				B1ABD5442BD4AEC30068BB05 /* Preview Content */,
			);
			path = NetworkingTutorial;
			sourceTree = "<group>";
		};
		B1ABD5442BD4AEC30068BB05 /* Preview Content */ = {
			isa = PBXGroup;
			children = (
				B1ABD5452BD4AEC30068BB05 /* Preview Assets.xcassets */,
			);
			path = "Preview Content";
			sourceTree = "<group>";
		};
		B1ABD54C2BD4AF2F0068BB05 /* App */ = {
			isa = PBXGroup;
			children = (
				B1ABD53E2BD4AEC00068BB05 /* NetworkingTutorialApp.swift */,
			);
			path = App;
			sourceTree = "<group>";
		};
		B1ABD54D2BD4AF3A0068BB05 /* Core */ = {
			isa = PBXGroup;
			children = (
				B1ABD54E2BD4AF440068BB05 /* AllCoins */,
				B1ABD55B2BD6FF330068BB05 /* CoinDetails */,
				B1ABD5542BD61A1C0068BB05 /* Service */,
			);
			path = Core;
			sourceTree = "<group>";
		};
		B1ABD54E2BD4AF440068BB05 /* AllCoins */ = {
			isa = PBXGroup;
			children = (
				B1ABD54F2BD4AF4E0068BB05 /* Model */,
				B1ABD5502BD4AF560068BB05 /* Views */,
				B1ABD5512BD4AF840068BB05 /* ViewModel */,
			);
			path = AllCoins;
			sourceTree = "<group>";
		};
		B1ABD54F2BD4AF4E0068BB05 /* Model */ = {
			isa = PBXGroup;
			children = (
				B1ABD5572BD6AA160068BB05 /* Coin.swift */,
				B1ABD5592BD6D2240068BB05 /* CoinAPIError.swift */,
			);
			path = Model;
			sourceTree = "<group>";
		};
		B1ABD5502BD4AF560068BB05 /* Views */ = {
			isa = PBXGroup;
			children = (
				B1ABD5402BD4AEC00068BB05 /* ContentView.swift */,
			);
			path = Views;
			sourceTree = "<group>";
		};
		B1ABD5512BD4AF840068BB05 /* ViewModel */ = {
			isa = PBXGroup;
			children = (
				B1ABD5522BD4B3AB0068BB05 /* CoinsViewModel.swift */,
			);
			path = ViewModel;
			sourceTree = "<group>";
		};
		B1ABD5542BD61A1C0068BB05 /* Service */ = {
			isa = PBXGroup;
			children = (
				B1ABD5552BD61A260068BB05 /* CoinDataService.swift */,
				B1ABD56C2BD9678A0068BB05 /* MockCoinService.swift */,
			);
			path = Service;
			sourceTree = "<group>";
		};
		B1ABD55B2BD6FF330068BB05 /* CoinDetails */ = {
			isa = PBXGroup;
			children = (
				B1ABD5692BD843FA0068BB05 /* Cache */,
				B1ABD55F2BD702470068BB05 /* Model */,
				B1ABD55C2BD6FF4D0068BB05 /* Views */,
				B1ABD5622BD704A40068BB05 /* ViewModel */,
			);
			path = CoinDetails;
			sourceTree = "<group>";
		};
		B1ABD55C2BD6FF4D0068BB05 /* Views */ = {
			isa = PBXGroup;
			children = (
				B1ABD55D2BD6FF9A0068BB05 /* CoinDetailsView.swift */,
			);
			path = Views;
			sourceTree = "<group>";
		};
		B1ABD55F2BD702470068BB05 /* Model */ = {
			isa = PBXGroup;
			children = (
				B1ABD5602BD7025E0068BB05 /* CoinDetails.swift */,
			);
			path = Model;
			sourceTree = "<group>";
		};
		B1ABD5622BD704A40068BB05 /* ViewModel */ = {
			isa = PBXGroup;
			children = (
				B1ABD5632BD704C00068BB05 /* CoinDetailsViewModel.swift */,
			);
			path = ViewModel;
			sourceTree = "<group>";
		};
		B1ABD5652BD803F90068BB05 /* Shared */ = {
			isa = PBXGroup;
			children = (
				B1ABD5682BD824420068BB05 /* API */,
			);
			path = Shared;
			sourceTree = "<group>";
		};
		B1ABD5682BD824420068BB05 /* API */ = {
			isa = PBXGroup;
			children = (
				B1ABD5662BD804090068BB05 /* HTTPDataDownloader.swift */,
			);
			path = API;
			sourceTree = "<group>";
		};
		B1ABD5692BD843FA0068BB05 /* Cache */ = {
			isa = PBXGroup;
			children = (
				B1ABD56A2BD844150068BB05 /* CoinDetailsCache.swift */,
			);
			path = Cache;
			sourceTree = "<group>";
		};
/* End PBXGroup section */

/* Begin PBXNativeTarget section */
		B1ABD53A2BD4AEC00068BB05 /* NetworkingTutorial */ = {
			isa = PBXNativeTarget;
			buildConfigurationList = B1ABD5492BD4AEC30068BB05 /* Build configuration list for PBXNativeTarget "NetworkingTutorial" */;
			buildPhases = (
				B1ABD5372BD4AEC00068BB05 /* Sources */,
				B1ABD5382BD4AEC00068BB05 /* Frameworks */,
				B1ABD5392BD4AEC00068BB05 /* Resources */,
			);
			buildRules = (
			);
			dependencies = (
			);
			name = NetworkingTutorial;
			productName = NetworkingTutorial;
			productReference = B1ABD53B2BD4AEC00068BB05 /* NetworkingTutorial.app */;
			productType = "com.apple.product-type.application";
		};
/* End PBXNativeTarget section */

/* Begin PBXProject section */
		B1ABD5332BD4AEC00068BB05 /* Project object */ = {
			isa = PBXProject;
			attributes = {
				BuildIndependentTargetsInParallel = 1;
				LastSwiftUpdateCheck = 1530;
				LastUpgradeCheck = 1530;
				TargetAttributes = {
					B1ABD53A2BD4AEC00068BB05 = {
						CreatedOnToolsVersion = 15.3;
					};
				};
			};
			buildConfigurationList = B1ABD5362BD4AEC00068BB05 /* Build configuration list for PBXProject "NetworkingTutorial" */;
			compatibilityVersion = "Xcode 14.0";
			developmentRegion = en;
			hasScannedForEncodings = 0;
			knownRegions = (
				en,
				Base,
			);
			mainGroup = B1ABD5322BD4AEC00068BB05;
			productRefGroup = B1ABD53C2BD4AEC00068BB05 /* Products */;
			projectDirPath = "";
			projectRoot = "";
			targets = (
				B1ABD53A2BD4AEC00068BB05 /* NetworkingTutorial */,
			);
		};
/* End PBXProject section */

/* Begin PBXResourcesBuildPhase section */
		B1ABD5392BD4AEC00068BB05 /* Resources */ = {
			isa = PBXResourcesBuildPhase;
			buildActionMask = 2147483647;
			files = (
				B1ABD5462BD4AEC30068BB05 /* Preview Assets.xcassets in Resources */,
				B1ABD5432BD4AEC30068BB05 /* Assets.xcassets in Resources */,
			);
			runOnlyForDeploymentPostprocessing = 0;
		};
/* End PBXResourcesBuildPhase section */

/* Begin PBXSourcesBuildPhase section */
		B1ABD5372BD4AEC00068BB05 /* Sources */ = {
			isa = PBXSourcesBuildPhase;
			buildActionMask = 2147483647;
			files = (
				B1ABD56D2BD9678A0068BB05 /* MockCoinService.swift in Sources */,
				B1ABD55E2BD6FF9A0068BB05 /* CoinDetailsView.swift in Sources */,
				B1ABD56B2BD844150068BB05 /* CoinDetailsCache.swift in Sources */,
				B1ABD5642BD704C00068BB05 /* CoinDetailsViewModel.swift in Sources */,
				B1ABD55A2BD6D2240068BB05 /* CoinAPIError.swift in Sources */,
				B1ABD5562BD61A260068BB05 /* CoinDataService.swift in Sources */,
				B1ABD5672BD804090068BB05 /* HTTPDataDownloader.swift in Sources */,
				B1ABD5612BD7025E0068BB05 /* CoinDetails.swift in Sources */,
				B1ABD5412BD4AEC00068BB05 /* ContentView.swift in Sources */,
				B1ABD5532BD4B3AB0068BB05 /* CoinsViewModel.swift in Sources */,
				B1ABD5582BD6AA160068BB05 /* Coin.swift in Sources */,
				B1ABD53F2BD4AEC00068BB05 /* NetworkingTutorialApp.swift in Sources */,
			);
			runOnlyForDeploymentPostprocessing = 0;
		};
/* End PBXSourcesBuildPhase section */

/* Begin XCBuildConfiguration section */
		B1ABD5472BD4AEC30068BB05 /* Debug */ = {
			isa = XCBuildConfiguration;
			buildSettings = {
				ALWAYS_SEARCH_USER_PATHS = NO;
				ASSETCATALOG_COMPILER_GENERATE_SWIFT_ASSET_SYMBOL_EXTENSIONS = YES;
				CLANG_ANALYZER_NONNULL = YES;
				CLANG_ANALYZER_NUMBER_OBJECT_CONVERSION = YES_AGGRESSIVE;
				CLANG_CXX_LANGUAGE_STANDARD = "gnu++20";
				CLANG_ENABLE_MODULES = YES;
				CLANG_ENABLE_OBJC_ARC = YES;
				CLANG_ENABLE_OBJC_WEAK = YES;
				CLANG_WARN_BLOCK_CAPTURE_AUTORELEASING = YES;
				CLANG_WARN_BOOL_CONVERSION = YES;
				CLANG_WARN_COMMA = YES;
				CLANG_WARN_CONSTANT_CONVERSION = YES;
				CLANG_WARN_DEPRECATED_OBJC_IMPLEMENTATIONS = YES;
				CLANG_WARN_DIRECT_OBJC_ISA_USAGE = YES_ERROR;
				CLANG_WARN_DOCUMENTATION_COMMENTS = YES;
				CLANG_WARN_EMPTY_BODY = YES;
				CLANG_WARN_ENUM_CONVERSION = YES;
				CLANG_WARN_INFINITE_RECURSION = YES;
				CLANG_WARN_INT_CONVERSION = YES;
				CLANG_WARN_NON_LITERAL_NULL_CONVERSION = YES;
				CLANG_WARN_OBJC_IMPLICIT_RETAIN_SELF = YES;
				CLANG_WARN_OBJC_LITERAL_CONVERSION = YES;
				CLANG_WARN_OBJC_ROOT_CLASS = YES_ERROR;
				CLANG_WARN_QUOTED_INCLUDE_IN_FRAMEWORK_HEADER = YES;
				CLANG_WARN_RANGE_LOOP_ANALYSIS = YES;
				CLANG_WARN_STRICT_PROTOTYPES = YES;
				CLANG_WARN_SUSPICIOUS_MOVE = YES;
				CLANG_WARN_UNGUARDED_AVAILABILITY = YES_AGGRESSIVE;
				CLANG_WARN_UNREACHABLE_CODE = YES;
				CLANG_WARN__DUPLICATE_METHOD_MATCH = YES;
				COPY_PHASE_STRIP = NO;
				DEBUG_INFORMATION_FORMAT = dwarf;
				ENABLE_STRICT_OBJC_MSGSEND = YES;
				ENABLE_TESTABILITY = YES;
				ENABLE_USER_SCRIPT_SANDBOXING = YES;
				GCC_C_LANGUAGE_STANDARD = gnu17;
				GCC_DYNAMIC_NO_PIC = NO;
				GCC_NO_COMMON_BLOCKS = YES;
				GCC_OPTIMIZATION_LEVEL = 0;
				GCC_PREPROCESSOR_DEFINITIONS = (
					"DEBUG=1",
					"$(inherited)",
				);
				GCC_WARN_64_TO_32_BIT_CONVERSION = YES;
				GCC_WARN_ABOUT_RETURN_TYPE = YES_ERROR;
				GCC_WARN_UNDECLARED_SELECTOR = YES;
				GCC_WARN_UNINITIALIZED_AUTOS = YES_AGGRESSIVE;
				GCC_WARN_UNUSED_FUNCTION = YES;
				GCC_WARN_UNUSED_VARIABLE = YES;
				IPHONEOS_DEPLOYMENT_TARGET = 17.4;
				LOCALIZATION_PREFERS_STRING_CATALOGS = YES;
				MTL_ENABLE_DEBUG_INFO = INCLUDE_SOURCE;
				MTL_FAST_MATH = YES;
				ONLY_ACTIVE_ARCH = YES;
				SDKROOT = iphoneos;
				SWIFT_ACTIVE_COMPILATION_CONDITIONS = "DEBUG $(inherited)";
				SWIFT_OPTIMIZATION_LEVEL = "-Onone";
			};
			name = Debug;
		};
		B1ABD5482BD4AEC30068BB05 /* Release */ = {
			isa = XCBuildConfiguration;
			buildSettings = {
				ALWAYS_SEARCH_USER_PATHS = NO;
				ASSETCATALOG_COMPILER_GENERATE_SWIFT_ASSET_SYMBOL_EXTENSIONS = YES;
				CLANG_ANALYZER_NONNULL = YES;
				CLANG_ANALYZER_NUMBER_OBJECT_CONVERSION = YES_AGGRESSIVE;
				CLANG_CXX_LANGUAGE_STANDARD = "gnu++20";
				CLANG_ENABLE_MODULES = YES;
				CLANG_ENABLE_OBJC_ARC = YES;
				CLANG_ENABLE_OBJC_WEAK = YES;
				CLANG_WARN_BLOCK_CAPTURE_AUTORELEASING = YES;
				CLANG_WARN_BOOL_CONVERSION = YES;
				CLANG_WARN_COMMA = YES;
				CLANG_WARN_CONSTANT_CONVERSION = YES;
				CLANG_WARN_DEPRECATED_OBJC_IMPLEMENTATIONS = YES;
				CLANG_WARN_DIRECT_OBJC_ISA_USAGE = YES_ERROR;
				CLANG_WARN_DOCUMENTATION_COMMENTS = YES;
				CLANG_WARN_EMPTY_BODY = YES;
				CLANG_WARN_ENUM_CONVERSION = YES;
				CLANG_WARN_INFINITE_RECURSION = YES;
				CLANG_WARN_INT_CONVERSION = YES;
				CLANG_WARN_NON_LITERAL_NULL_CONVERSION = YES;
				CLANG_WARN_OBJC_IMPLICIT_RETAIN_SELF = YES;
				CLANG_WARN_OBJC_LITERAL_CONVERSION = YES;
				CLANG_WARN_OBJC_ROOT_CLASS = YES_ERROR;
				CLANG_WARN_QUOTED_INCLUDE_IN_FRAMEWORK_HEADER = YES;
				CLANG_WARN_RANGE_LOOP_ANALYSIS = YES;
				CLANG_WARN_STRICT_PROTOTYPES = YES;
				CLANG_WARN_SUSPICIOUS_MOVE = YES;
				CLANG_WARN_UNGUARDED_AVAILABILITY = YES_AGGRESSIVE;
				CLANG_WARN_UNREACHABLE_CODE = YES;
				CLANG_WARN__DUPLICATE_METHOD_MATCH = YES;
				COPY_PHASE_STRIP = NO;
				DEBUG_INFORMATION_FORMAT = "dwarf-with-dsym";
				ENABLE_NS_ASSERTIONS = NO;
				ENABLE_STRICT_OBJC_MSGSEND = YES;
				ENABLE_USER_SCRIPT_SANDBOXING = YES;
				GCC_C_LANGUAGE_STANDARD = gnu17;
				GCC_NO_COMMON_BLOCKS = YES;
				GCC_WARN_64_TO_32_BIT_CONVERSION = YES;
				GCC_WARN_ABOUT_RETURN_TYPE = YES_ERROR;
				GCC_WARN_UNDECLARED_SELECTOR = YES;
				GCC_WARN_UNINITIALIZED_AUTOS = YES_AGGRESSIVE;
				GCC_WARN_UNUSED_FUNCTION = YES;
				GCC_WARN_UNUSED_VARIABLE = YES;
				IPHONEOS_DEPLOYMENT_TARGET = 17.4;
				LOCALIZATION_PREFERS_STRING_CATALOGS = YES;
				MTL_ENABLE_DEBUG_INFO = NO;
				MTL_FAST_MATH = YES;
				SDKROOT = iphoneos;
				SWIFT_COMPILATION_MODE = wholemodule;
				VALIDATE_PRODUCT = YES;
			};
			name = Release;
		};
		B1ABD54A2BD4AEC30068BB05 /* Debug */ = {
			isa = XCBuildConfiguration;
			buildSettings = {
				ASSETCATALOG_COMPILER_APPICON_NAME = AppIcon;
				ASSETCATALOG_COMPILER_GLOBAL_ACCENT_COLOR_NAME = AccentColor;
				CODE_SIGN_STYLE = Automatic;
				CURRENT_PROJECT_VERSION = 1;
				DEVELOPMENT_ASSET_PATHS = "\"NetworkingTutorial/Preview Content\"";
				DEVELOPMENT_TEAM = F4GASFV5X4;
				ENABLE_PREVIEWS = YES;
				GENERATE_INFOPLIST_FILE = YES;
				INFOPLIST_KEY_UIApplicationSceneManifest_Generation = YES;
				INFOPLIST_KEY_UIApplicationSupportsIndirectInputEvents = YES;
				INFOPLIST_KEY_UILaunchScreen_Generation = YES;
				INFOPLIST_KEY_UISupportedInterfaceOrientations_iPad = "UIInterfaceOrientationPortrait UIInterfaceOrientationPortraitUpsideDown UIInterfaceOrientationLandscapeLeft UIInterfaceOrientationLandscapeRight";
				INFOPLIST_KEY_UISupportedInterfaceOrientations_iPhone = "UIInterfaceOrientationPortrait UIInterfaceOrientationLandscapeLeft UIInterfaceOrientationLandscapeRight";
				LD_RUNPATH_SEARCH_PATHS = (
					"$(inherited)",
					"@executable_path/Frameworks",
				);
				MARKETING_VERSION = 1.0;
				PRODUCT_BUNDLE_IDENTIFIER = com.timothycbryant.NetworkingTutorial;
				PRODUCT_NAME = "$(TARGET_NAME)";
				SWIFT_EMIT_LOC_STRINGS = YES;
				SWIFT_VERSION = 5.0;
				TARGETED_DEVICE_FAMILY = "1,2";
			};
			name = Debug;
		};
		B1ABD54B2BD4AEC30068BB05 /* Release */ = {
			isa = XCBuildConfiguration;
			buildSettings = {
				ASSETCATALOG_COMPILER_APPICON_NAME = AppIcon;
				ASSETCATALOG_COMPILER_GLOBAL_ACCENT_COLOR_NAME = AccentColor;
				CODE_SIGN_STYLE = Automatic;
				CURRENT_PROJECT_VERSION = 1;
				DEVELOPMENT_ASSET_PATHS = "\"NetworkingTutorial/Preview Content\"";
				DEVELOPMENT_TEAM = F4GASFV5X4;
				ENABLE_PREVIEWS = YES;
				GENERATE_INFOPLIST_FILE = YES;
				INFOPLIST_KEY_UIApplicationSceneManifest_Generation = YES;
				INFOPLIST_KEY_UIApplicationSupportsIndirectInputEvents = YES;
				INFOPLIST_KEY_UILaunchScreen_Generation = YES;
				INFOPLIST_KEY_UISupportedInterfaceOrientations_iPad = "UIInterfaceOrientationPortrait UIInterfaceOrientationPortraitUpsideDown UIInterfaceOrientationLandscapeLeft UIInterfaceOrientationLandscapeRight";
				INFOPLIST_KEY_UISupportedInterfaceOrientations_iPhone = "UIInterfaceOrientationPortrait UIInterfaceOrientationLandscapeLeft UIInterfaceOrientationLandscapeRight";
				LD_RUNPATH_SEARCH_PATHS = (
					"$(inherited)",
					"@executable_path/Frameworks",
				);
				MARKETING_VERSION = 1.0;
				PRODUCT_BUNDLE_IDENTIFIER = com.timothycbryant.NetworkingTutorial;
				PRODUCT_NAME = "$(TARGET_NAME)";
				SWIFT_EMIT_LOC_STRINGS = YES;
				SWIFT_VERSION = 5.0;
				TARGETED_DEVICE_FAMILY = "1,2";
			};
			name = Release;
		};
/* End XCBuildConfiguration section */

/* Begin XCConfigurationList section */
		B1ABD5362BD4AEC00068BB05 /* Build configuration list for PBXProject "NetworkingTutorial" */ = {
			isa = XCConfigurationList;
			buildConfigurations = (
				B1ABD5472BD4AEC30068BB05 /* Debug */,
				B1ABD5482BD4AEC30068BB05 /* Release */,
			);
			defaultConfigurationIsVisible = 0;
			defaultConfigurationName = Release;
		};
		B1ABD5492BD4AEC30068BB05 /* Build configuration list for PBXNativeTarget "NetworkingTutorial" */ = {
			isa = XCConfigurationList;
			buildConfigurations = (
				B1ABD54A2BD4AEC30068BB05 /* Debug */,
				B1ABD54B2BD4AEC30068BB05 /* Release */,
			);
			defaultConfigurationIsVisible = 0;
			defaultConfigurationName = Release;
		};
/* End XCConfigurationList section */
	};
	rootObject = B1ABD5332BD4AEC00068BB05 /* Project object */;
}
